
Microsoft Visual Studio Solution File, Format Version 12.00
# Visual Studio Version 17
VisualStudioVersion = 17.5.33530.505
MinimumVisualStudioVersion = 10.0.40219.1
Project("{FAE04EC0-301F-11D3-BF4B-00C04F79EFBC}") = "SampleApi.Api", "SampleApi\SampleApi.Api.csproj", "{6928A137-C572-4DC0-9161-497CE7F7EB0B}"
EndProject
Project("{FAE04EC0-301F-11D3-BF4B-00C04F79EFBC}") = "SampleApi.Data", "SampleApi.Data\SampleApi.Data.csproj", "{D860940C-48E4-46C4-BC31-F116956A61FC}"
EndProject
Global
	GlobalSection(SolutionConfigurationPlatforms) = preSolution
		Debug|Any CPU = Debug|Any CPU
		Release|Any CPU = Release|Any CPU
	EndGlobalSection
	GlobalSection(ProjectConfigurationPlatforms) = postSolution
		{6928A137-C572-4DC0-9161-497CE7F7EB0B}.Debug|Any CPU.ActiveCfg = Debug|Any CPU
		{6928A137-C572-4DC0-9161-497CE7F7EB0B}.Debug|Any CPU.Build.0 = Debug|Any CPU
		{6928A137-C572-4DC0-9161-497CE7F7EB0B}.Release|Any CPU.ActiveCfg = Release|Any CPU
		{6928A137-C572-4DC0-9161-497CE7F7EB0B}.Release|Any CPU.Build.0 = Release|Any CPU
		{D860940C-48E4-46C4-BC31-F116956A61FC}.Debug|Any CPU.ActiveCfg = Debug|Any CPU
		{D860940C-48E4-46C4-BC31-F116956A61FC}.Debug|Any CPU.Build.0 = Debug|Any CPU
		{D860940C-48E4-46C4-BC31-F116956A61FC}.Release|Any CPU.ActiveCfg = Release|Any CPU
		{D860940C-48E4-46C4-BC31-F116956A61FC}.Release|Any CPU.Build.0 = Release|Any CPU
	EndGlobalSection
	GlobalSection(SolutionProperties) = preSolution
		HideSolutionNode = FALSE
	EndGlobalSection
	GlobalSection(ExtensibilityGlobals) = postSolution
		SolutionGuid = {30A2DA0D-C1E8-402C-87CC-52D7A93CD159}
	EndGlobalSection
EndGlobal
